
Microsoft Visual Studio Solution File, Format Version 12.00
# Visual Studio Version 16
VisualStudioVersion = 16.0.30621.155
MinimumVisualStudioVersion = 10.0.40219.1
Project("{FAE04EC0-301F-11D3-BF4B-00C04F79EFBC}") = "calculoDepreciacion", "calculoDepreciacion\calculoDepreciacion.csproj", "{E91637F9-2E49-457F-8532-F47B6C9687A0}"
EndProject
Global
	GlobalSection(SolutionConfigurationPlatforms) = preSolution
		Debug|Any CPU = Debug|Any CPU
		Release|Any CPU = Release|Any CPU
	EndGlobalSection
	GlobalSection(ProjectConfigurationPlatforms) = postSolution
		{E91637F9-2E49-457F-8532-F47B6C9687A0}.Debug|Any CPU.ActiveCfg = Debug|Any CPU
		{E91637F9-2E49-457F-8532-F47B6C9687A0}.Debug|Any CPU.Build.0 = Debug|Any CPU
		{E91637F9-2E49-457F-8532-F47B6C9687A0}.Release|Any CPU.ActiveCfg = Release|Any CPU
		{E91637F9-2E49-457F-8532-F47B6C9687A0}.Release|Any CPU.Build.0 = Release|Any CPU
	EndGlobalSection
	GlobalSection(SolutionProperties) = preSolution
		HideSolutionNode = FALSE
	EndGlobalSection
	GlobalSection(ExtensibilityGlobals) = postSolution
		SolutionGuid = {F5FB5803-DF51-428F-8A13-75E18EDBF9B0}
	EndGlobalSection
EndGlobal
